{
  "name": "carousel",
  "version": "0.0.0",
  "lockfileVersion": 1,
  "requires": true,
  "dependencies": {
    "@angular/flex-layout": {
      "version": "11.0.0-beta.33",
      "resolved": "https://registry.npmjs.org/@angular/flex-layout/-/flex-layout-11.0.0-beta.33.tgz",
      "integrity": "sha512-unfhw3abZuKtdwQicRStHCYGbANPTHYg4WNRQk/RC5Mxq+4WOp4Q8HI7GqRHCGUYDCGUP7w1sU/oDt8f09nM8w==",
      "requires": {
        "tslib": "^2.0.0"
      },
      "dependencies": {
        "tslib": {
          "version": "2.1.0",
          "resolved": "https://registry.npmjs.org/tslib/-/tslib-2.1.0.tgz",
          "integrity": "sha512-hcVC3wYEziELGGmEEXue7D75zbwIIVUMWAVbHItGPx0ziyXxrOMQx4rQEVEV45Ut/1IotuEvwqPopzIOkDMf0A=="
        }
      }
    },
    "@splidejs/splide": {
      "version": "2.4.21",
      "resolved": "https://registry.npmjs.org/@splidejs/splide/-/splide-2.4.21.tgz",
      "integrity": "sha512-LdIwSnmNsGybCCnA3QG2dOeRv/rQl46jf7FflXxMGX0ADYWyL6UJHWJbMZvHBi5I67uRJY1ga/W+CvJ39nH26A=="
    },
    "@types/angular": {
      "version": "1.8.1",
      "resolved": "https://registry.npmjs.org/@types/angular/-/angular-1.8.1.tgz",
      "integrity": "sha512-8zEjTC3gpkva6/dbUkiSxIUGUxYm9HD/pJJ0lbqfEM2TWqi/3vs4VtgoFxVXt5bmuJ+6G2caO2HaMD+NzB1VwA==",
      "dev": true
    },
    "gsap": {
      "version": "3.6.0",
      "resolved": "https://registry.npmjs.org/gsap/-/gsap-3.6.0.tgz",
      "integrity": "sha512-0P3syv1TmYr+A/VZ8UMFzw+s0XoaKSzzDFs8NqkXiJTXI4E/VTi0zRjPgxaPBpiUPPycgRnFjLDe0Tb4dRRf+w=="
    },
    "jquery": {
      "version": "3.6.0",
      "resolved": "https://registry.npmjs.org/jquery/-/jquery-3.6.0.tgz",
      "integrity": "sha512-JVzAR/AjBvVt2BmYhxRCSYysDsPcssdmTFnzyLEts9qNwmjmu4JTAMYubEfwVOSwpQ1I1sKKFcxhZCI2buerfw=="
    },
    "material-icons": {
      "version": "0.5.4",
      "resolved": "https://registry.npmjs.org/material-icons/-/material-icons-0.5.4.tgz",
      "integrity": "sha512-5ycazkNmIOtV78Ff3WgvxQESoJuujdRm0cNbf18fmyJN20jHyqp9rpwi4EfQyGimag0ZLElxtVg3H9enIKdOOw=="
    },
    "ngx-slick-carousel": {
      "version": "0.5.1",
      "resolved": "https://registry.npmjs.org/ngx-slick-carousel/-/ngx-slick-carousel-0.5.1.tgz",
      "integrity": "sha512-AQr0xhMkp7lobBidkNH2d0Jk5HT0txQVkRwrw0SmOvsQLdUkfo9t0/V7JFssh3yAkkL6YwWvKy7sofBZqHk0bw==",
      "requires": {
        "tslib": "^1.10.0"
      },
      "dependencies": {
        "tslib": {
          "version": "1.14.1",
          "resolved": "https://registry.npmjs.org/tslib/-/tslib-1.14.1.tgz",
          "integrity": "sha512-Xni35NKzjgMrwevysHTCArtLDpPvye8zV/0E4EyYn43P7/7qvQwPh9BGkHewbMulVntbigmcT7rdX3BNo9wRJg=="
        }
      }
    },
    "slick-carousel": {
      "version": "1.8.1",
      "resolved": "https://registry.npmjs.org/slick-carousel/-/slick-carousel-1.8.1.tgz",
      "integrity": "sha512-XB9Ftrf2EEKfzoQXt3Nitrt/IPbT+f1fgqBdoxO3W/+JYvtEOW6EgxnWfr9GH6nmULv7Y2tPmEX3koxThVmebA=="
    }
  }
}
